
Microsoft Visual Studio Solution File, Format Version 12.00
# Visual Studio 15
VisualStudioVersion = 15.0.27130.2020
MinimumVisualStudioVersion = 10.0.40219.1
Project("{FAE04EC0-301F-11D3-BF4B-00C04F79EFBC}") = "PlayVideoInMVC", "OldVersion\PlayVideoInMVC.csproj", "{0DDF16C8-A24F-46BA-A99F-72D531E24E1E}"
EndProject
Project("{FAE04EC0-301F-11D3-BF4B-00C04F79EFBC}") = "HD.Delay", "HD.Delay\HD.Delay.csproj", "{3E87FF57-6FFA-4E0A-A2A6-D26092303D65}"
EndProject
Global
	GlobalSection(SolutionConfigurationPlatforms) = preSolution
		Debug|Any CPU = Debug|Any CPU
		Release|Any CPU = Release|Any CPU
	EndGlobalSection
	GlobalSection(ProjectConfigurationPlatforms) = postSolution
		{0DDF16C8-A24F-46BA-A99F-72D531E24E1E}.Debug|Any CPU.ActiveCfg = Debug|Any CPU
		{0DDF16C8-A24F-46BA-A99F-72D531E24E1E}.Debug|Any CPU.Build.0 = Debug|Any CPU
		{0DDF16C8-A24F-46BA-A99F-72D531E24E1E}.Release|Any CPU.ActiveCfg = Release|Any CPU
		{0DDF16C8-A24F-46BA-A99F-72D531E24E1E}.Release|Any CPU.Build.0 = Release|Any CPU
		{3E87FF57-6FFA-4E0A-A2A6-D26092303D65}.Debug|Any CPU.ActiveCfg = Debug|Any CPU
		{3E87FF57-6FFA-4E0A-A2A6-D26092303D65}.Debug|Any CPU.Build.0 = Debug|Any CPU
		{3E87FF57-6FFA-4E0A-A2A6-D26092303D65}.Release|Any CPU.ActiveCfg = Release|Any CPU
		{3E87FF57-6FFA-4E0A-A2A6-D26092303D65}.Release|Any CPU.Build.0 = Release|Any CPU
	EndGlobalSection
	GlobalSection(SolutionProperties) = preSolution
		HideSolutionNode = FALSE
	EndGlobalSection
	GlobalSection(ExtensibilityGlobals) = postSolution
		SolutionGuid = {829AA5A9-68DE-4145-9CF1-DA036917AB39}
	EndGlobalSection
EndGlobal
